
Microsoft Visual Studio Solution File, Format Version 12.00
# Visual Studio Version 16
VisualStudioVersion = 16.0.29215.179
MinimumVisualStudioVersion = 10.0.40219.1
Project("{2150E333-8FDC-42A3-9474-1A3956D46DE8}") = "lib", "lib", "{E46422ED-13BC-42A4-90FB-8658793B7C9F}"
EndProject
Project("{9A19103F-16F7-4668-BE54-9A1E7A4F7556}") = "Ptolemy.PipeLine", "lib\Ptolemy.PipeLine\Ptolemy.PipeLine.csproj", "{D2ADFD86-8082-425F-86D3-8A2C55999B74}"
EndProject
Project("{9A19103F-16F7-4668-BE54-9A1E7A4F7556}") = "Ptolemy.Parameters", "lib\Ptolemy.Parameters\Ptolemy.Parameters.csproj", "{B64ED223-092D-455D-9174-298C3D2A7276}"
EndProject
Project("{2150E333-8FDC-42A3-9474-1A3956D46DE8}") = "test", "test", "{226F86BE-2D8F-4786-BE6E-1E0D08FEACF8}"
EndProject
Project("{9A19103F-16F7-4668-BE54-9A1E7A4F7556}") = "UnitTest", "test\UnitTest\UnitTest.csproj", "{3E6032D8-851D-4AE4-9A53-98DD90D769D2}"
EndProject
Project("{9A19103F-16F7-4668-BE54-9A1E7A4F7556}") = "Ptolemy.SiMetricPrefix", "lib\Ptolemy.SiMetricPrefix\Ptolemy.SiMetricPrefix.csproj", "{B9A5CCCE-A5D7-440E-8BE3-77E52AA66171}"
EndProject
Project("{9A19103F-16F7-4668-BE54-9A1E7A4F7556}") = "Ptolemy.Verb", "lib\Ptolemy.Verb\Ptolemy.Verb.csproj", "{531DD996-F935-4CDE-B6FF-782C80013B77}"
EndProject
Project("{9A19103F-16F7-4668-BE54-9A1E7A4F7556}") = "Ptolemy.Logger", "lib\Ptolemy.Logger\Ptolemy.Logger.csproj", "{F2FBBE27-BBB3-4A57-99F9-34C92625D201}"
EndProject
Project("{2150E333-8FDC-42A3-9474-1A3956D46DE8}") = "tools", "tools", "{0BE68A10-7B3B-4E90-91E9-44A8F7EAE74F}"
EndProject
Project("{9A19103F-16F7-4668-BE54-9A1E7A4F7556}") = "Ptolemy.FilePath", "lib\Ptolemy.FilePath\Ptolemy.FilePath.csproj", "{89F1F2F6-2582-4D31-A321-C9DCDB6F2109}"
EndProject
Project("{9A19103F-16F7-4668-BE54-9A1E7A4F7556}") = "Ptolemy.Map", "lib\Ptolemy.Map\Ptolemy.Map.csproj", "{CE630AFD-0E9F-492E-9696-CAAF0977584A}"
EndProject
Project("{9A19103F-16F7-4668-BE54-9A1E7A4F7556}") = "Ptolemy", "tools\Ptolemy\Ptolemy.csproj", "{45EEE5F0-110B-4AE0-91B6-07589063863B}"
EndProject
Project("{9A19103F-16F7-4668-BE54-9A1E7A4F7556}") = "Ptolemy.Interface", "lib\Ptolemy.Interface\Ptolemy.Interface.csproj", "{A63F454D-79CF-4749-AF02-BB5B25D1BD48}"
EndProject
Project("{9A19103F-16F7-4668-BE54-9A1E7A4F7556}") = "Ptolemy.Exec", "lib\Ptolemy.Exec\Ptolemy.Exec.csproj", "{31B5882E-F965-457D-AF83-005A4CEA9AB8}"
EndProject
Project("{9A19103F-16F7-4668-BE54-9A1E7A4F7556}") = "Ptolemy.Config", "lib\Ptolemy.Config\Ptolemy.Config.csproj", "{2E562B9C-8F01-4A29-A23B-BADDA2A2F8E0}"
EndProject
Project("{9A19103F-16F7-4668-BE54-9A1E7A4F7556}") = "Ptolemy.Argo", "tools\Ptolemy.Argo\Ptolemy.Argo.csproj", "{211D307F-1F79-4EEE-A5B8-C501105323D7}"
EndProject
Project("{9A19103F-16F7-4668-BE54-9A1E7A4F7556}") = "Ptolemy.Argo.Request", "lib\Ptolemy.ArgoRequest\Ptolemy.Argo.Request.csproj", "{E272DF45-EA4C-4CAA-B292-E548E2B71CB9}"
EndProject
Project("{9A19103F-16F7-4668-BE54-9A1E7A4F7556}") = "Ptolemy.Draco.Request", "lib\Ptolemy.Draco.Request\Ptolemy.Draco.Request.csproj", "{27AB4307-2A2B-4907-9877-572A72EDE175}"
EndProject
Project("{9A19103F-16F7-4668-BE54-9A1E7A4F7556}") = "Ptolemy.Repository", "lib\Ptolemy.Repository\Ptolemy.Repository.csproj", "{B539F39B-D14A-4B1E-B689-F829E8EDF44D}"
EndProject
Project("{9A19103F-16F7-4668-BE54-9A1E7A4F7556}") = "Ptolemy.Draco", "tools\Ptolemy.Draco\Ptolemy.Draco.csproj", "{A75B6399-3709-4AB7-ADF2-EEC8FE11CD7E}"
EndProject
Project("{9A19103F-16F7-4668-BE54-9A1E7A4F7556}") = "Ptolemy.Libra", "tools\Ptolemy.Libra\Ptolemy.Libra.csproj", "{3E04350E-C52F-4BCA-9EDB-6E3B84D48243}"
EndProject
Project("{9A19103F-16F7-4668-BE54-9A1E7A4F7556}") = "Ptolemy.Libra.Request", "lib\Ptolemy.Libra.Request\Ptolemy.Libra.Request.csproj", "{75AF0686-4C9D-42B6-8DA8-AF1AAD732421}"
EndProject
Project("{9A19103F-16F7-4668-BE54-9A1E7A4F7556}") = "Ptolemy.OptionException", "lib\Ptolemy.OptionException\Ptolemy.OptionException.csproj", "{29079828-4F74-4A2A-B22F-1E8364BCA8F7}"
EndProject
Project("{FAE04EC0-301F-11D3-BF4B-00C04F79EFBC}") = "Ptolemy.Lupus", "tools\Ptolemy.Lupus\Ptolemy.Lupus.csproj", "{4FD51AB5-38C2-40D2-8521-D832C81B3E83}"
EndProject
Project("{FAE04EC0-301F-11D3-BF4B-00C04F79EFBC}") = "Ptolemy.Cli", "lib\Ptolemy.Cli\Ptolemy.Cli.csproj", "{3D649AB4-E66C-4C33-B3EA-0B5DEF650318}"
EndProject
Global
	GlobalSection(SolutionConfigurationPlatforms) = preSolution
		Debug|Any CPU = Debug|Any CPU
		Release|Any CPU = Release|Any CPU
	EndGlobalSection
	GlobalSection(ProjectConfigurationPlatforms) = postSolution
		{D2ADFD86-8082-425F-86D3-8A2C55999B74}.Debug|Any CPU.ActiveCfg = Debug|Any CPU
		{D2ADFD86-8082-425F-86D3-8A2C55999B74}.Debug|Any CPU.Build.0 = Debug|Any CPU
		{D2ADFD86-8082-425F-86D3-8A2C55999B74}.Release|Any CPU.ActiveCfg = Release|Any CPU
		{D2ADFD86-8082-425F-86D3-8A2C55999B74}.Release|Any CPU.Build.0 = Release|Any CPU
		{B64ED223-092D-455D-9174-298C3D2A7276}.Debug|Any CPU.ActiveCfg = Debug|Any CPU
		{B64ED223-092D-455D-9174-298C3D2A7276}.Debug|Any CPU.Build.0 = Debug|Any CPU
		{B64ED223-092D-455D-9174-298C3D2A7276}.Release|Any CPU.ActiveCfg = Release|Any CPU
		{B64ED223-092D-455D-9174-298C3D2A7276}.Release|Any CPU.Build.0 = Release|Any CPU
		{3E6032D8-851D-4AE4-9A53-98DD90D769D2}.Debug|Any CPU.ActiveCfg = Debug|Any CPU
		{3E6032D8-851D-4AE4-9A53-98DD90D769D2}.Debug|Any CPU.Build.0 = Debug|Any CPU
		{3E6032D8-851D-4AE4-9A53-98DD90D769D2}.Release|Any CPU.ActiveCfg = Release|Any CPU
		{3E6032D8-851D-4AE4-9A53-98DD90D769D2}.Release|Any CPU.Build.0 = Release|Any CPU
		{B9A5CCCE-A5D7-440E-8BE3-77E52AA66171}.Debug|Any CPU.ActiveCfg = Debug|Any CPU
		{B9A5CCCE-A5D7-440E-8BE3-77E52AA66171}.Debug|Any CPU.Build.0 = Debug|Any CPU
		{B9A5CCCE-A5D7-440E-8BE3-77E52AA66171}.Release|Any CPU.ActiveCfg = Release|Any CPU
		{B9A5CCCE-A5D7-440E-8BE3-77E52AA66171}.Release|Any CPU.Build.0 = Release|Any CPU
		{531DD996-F935-4CDE-B6FF-782C80013B77}.Debug|Any CPU.ActiveCfg = Debug|Any CPU
		{531DD996-F935-4CDE-B6FF-782C80013B77}.Debug|Any CPU.Build.0 = Debug|Any CPU
		{531DD996-F935-4CDE-B6FF-782C80013B77}.Release|Any CPU.ActiveCfg = Release|Any CPU
		{531DD996-F935-4CDE-B6FF-782C80013B77}.Release|Any CPU.Build.0 = Release|Any CPU
		{F2FBBE27-BBB3-4A57-99F9-34C92625D201}.Debug|Any CPU.ActiveCfg = Debug|Any CPU
		{F2FBBE27-BBB3-4A57-99F9-34C92625D201}.Debug|Any CPU.Build.0 = Debug|Any CPU
		{F2FBBE27-BBB3-4A57-99F9-34C92625D201}.Release|Any CPU.ActiveCfg = Release|Any CPU
		{F2FBBE27-BBB3-4A57-99F9-34C92625D201}.Release|Any CPU.Build.0 = Release|Any CPU
		{89F1F2F6-2582-4D31-A321-C9DCDB6F2109}.Debug|Any CPU.ActiveCfg = Debug|Any CPU
		{89F1F2F6-2582-4D31-A321-C9DCDB6F2109}.Debug|Any CPU.Build.0 = Debug|Any CPU
		{89F1F2F6-2582-4D31-A321-C9DCDB6F2109}.Release|Any CPU.ActiveCfg = Release|Any CPU
		{89F1F2F6-2582-4D31-A321-C9DCDB6F2109}.Release|Any CPU.Build.0 = Release|Any CPU
		{CE630AFD-0E9F-492E-9696-CAAF0977584A}.Debug|Any CPU.ActiveCfg = Debug|Any CPU
		{CE630AFD-0E9F-492E-9696-CAAF0977584A}.Debug|Any CPU.Build.0 = Debug|Any CPU
		{CE630AFD-0E9F-492E-9696-CAAF0977584A}.Release|Any CPU.ActiveCfg = Release|Any CPU
		{CE630AFD-0E9F-492E-9696-CAAF0977584A}.Release|Any CPU.Build.0 = Release|Any CPU
		{45EEE5F0-110B-4AE0-91B6-07589063863B}.Debug|Any CPU.ActiveCfg = Debug|Any CPU
		{45EEE5F0-110B-4AE0-91B6-07589063863B}.Debug|Any CPU.Build.0 = Debug|Any CPU
		{45EEE5F0-110B-4AE0-91B6-07589063863B}.Release|Any CPU.ActiveCfg = Release|Any CPU
		{45EEE5F0-110B-4AE0-91B6-07589063863B}.Release|Any CPU.Build.0 = Release|Any CPU
		{A63F454D-79CF-4749-AF02-BB5B25D1BD48}.Debug|Any CPU.ActiveCfg = Debug|Any CPU
		{A63F454D-79CF-4749-AF02-BB5B25D1BD48}.Debug|Any CPU.Build.0 = Debug|Any CPU
		{A63F454D-79CF-4749-AF02-BB5B25D1BD48}.Release|Any CPU.ActiveCfg = Release|Any CPU
		{A63F454D-79CF-4749-AF02-BB5B25D1BD48}.Release|Any CPU.Build.0 = Release|Any CPU
		{31B5882E-F965-457D-AF83-005A4CEA9AB8}.Debug|Any CPU.ActiveCfg = Debug|Any CPU
		{31B5882E-F965-457D-AF83-005A4CEA9AB8}.Debug|Any CPU.Build.0 = Debug|Any CPU
		{31B5882E-F965-457D-AF83-005A4CEA9AB8}.Release|Any CPU.ActiveCfg = Release|Any CPU
		{31B5882E-F965-457D-AF83-005A4CEA9AB8}.Release|Any CPU.Build.0 = Release|Any CPU
		{2E562B9C-8F01-4A29-A23B-BADDA2A2F8E0}.Debug|Any CPU.ActiveCfg = Debug|Any CPU
		{2E562B9C-8F01-4A29-A23B-BADDA2A2F8E0}.Debug|Any CPU.Build.0 = Debug|Any CPU
		{2E562B9C-8F01-4A29-A23B-BADDA2A2F8E0}.Release|Any CPU.ActiveCfg = Release|Any CPU
		{2E562B9C-8F01-4A29-A23B-BADDA2A2F8E0}.Release|Any CPU.Build.0 = Release|Any CPU
		{211D307F-1F79-4EEE-A5B8-C501105323D7}.Debug|Any CPU.ActiveCfg = Debug|Any CPU
		{211D307F-1F79-4EEE-A5B8-C501105323D7}.Debug|Any CPU.Build.0 = Debug|Any CPU
		{211D307F-1F79-4EEE-A5B8-C501105323D7}.Release|Any CPU.ActiveCfg = Release|Any CPU
		{211D307F-1F79-4EEE-A5B8-C501105323D7}.Release|Any CPU.Build.0 = Release|Any CPU
		{E272DF45-EA4C-4CAA-B292-E548E2B71CB9}.Debug|Any CPU.ActiveCfg = Debug|Any CPU
		{E272DF45-EA4C-4CAA-B292-E548E2B71CB9}.Debug|Any CPU.Build.0 = Debug|Any CPU
		{E272DF45-EA4C-4CAA-B292-E548E2B71CB9}.Release|Any CPU.ActiveCfg = Release|Any CPU
		{E272DF45-EA4C-4CAA-B292-E548E2B71CB9}.Release|Any CPU.Build.0 = Release|Any CPU
		{27AB4307-2A2B-4907-9877-572A72EDE175}.Debug|Any CPU.ActiveCfg = Debug|Any CPU
		{27AB4307-2A2B-4907-9877-572A72EDE175}.Debug|Any CPU.Build.0 = Debug|Any CPU
		{27AB4307-2A2B-4907-9877-572A72EDE175}.Release|Any CPU.ActiveCfg = Release|Any CPU
		{27AB4307-2A2B-4907-9877-572A72EDE175}.Release|Any CPU.Build.0 = Release|Any CPU
		{B539F39B-D14A-4B1E-B689-F829E8EDF44D}.Debug|Any CPU.ActiveCfg = Debug|Any CPU
		{B539F39B-D14A-4B1E-B689-F829E8EDF44D}.Debug|Any CPU.Build.0 = Debug|Any CPU
		{B539F39B-D14A-4B1E-B689-F829E8EDF44D}.Release|Any CPU.ActiveCfg = Release|Any CPU
		{B539F39B-D14A-4B1E-B689-F829E8EDF44D}.Release|Any CPU.Build.0 = Release|Any CPU
		{A75B6399-3709-4AB7-ADF2-EEC8FE11CD7E}.Debug|Any CPU.ActiveCfg = Debug|Any CPU
		{A75B6399-3709-4AB7-ADF2-EEC8FE11CD7E}.Debug|Any CPU.Build.0 = Debug|Any CPU
		{A75B6399-3709-4AB7-ADF2-EEC8FE11CD7E}.Release|Any CPU.ActiveCfg = Release|Any CPU
		{A75B6399-3709-4AB7-ADF2-EEC8FE11CD7E}.Release|Any CPU.Build.0 = Release|Any CPU
		{3E04350E-C52F-4BCA-9EDB-6E3B84D48243}.Debug|Any CPU.ActiveCfg = Debug|Any CPU
		{3E04350E-C52F-4BCA-9EDB-6E3B84D48243}.Debug|Any CPU.Build.0 = Debug|Any CPU
		{3E04350E-C52F-4BCA-9EDB-6E3B84D48243}.Release|Any CPU.ActiveCfg = Release|Any CPU
		{3E04350E-C52F-4BCA-9EDB-6E3B84D48243}.Release|Any CPU.Build.0 = Release|Any CPU
		{75AF0686-4C9D-42B6-8DA8-AF1AAD732421}.Debug|Any CPU.ActiveCfg = Debug|Any CPU
		{75AF0686-4C9D-42B6-8DA8-AF1AAD732421}.Debug|Any CPU.Build.0 = Debug|Any CPU
		{75AF0686-4C9D-42B6-8DA8-AF1AAD732421}.Release|Any CPU.ActiveCfg = Release|Any CPU
		{75AF0686-4C9D-42B6-8DA8-AF1AAD732421}.Release|Any CPU.Build.0 = Release|Any CPU
		{29079828-4F74-4A2A-B22F-1E8364BCA8F7}.Debug|Any CPU.ActiveCfg = Debug|Any CPU
		{29079828-4F74-4A2A-B22F-1E8364BCA8F7}.Debug|Any CPU.Build.0 = Debug|Any CPU
		{29079828-4F74-4A2A-B22F-1E8364BCA8F7}.Release|Any CPU.ActiveCfg = Release|Any CPU
		{29079828-4F74-4A2A-B22F-1E8364BCA8F7}.Release|Any CPU.Build.0 = Release|Any CPU
		{4FD51AB5-38C2-40D2-8521-D832C81B3E83}.Debug|Any CPU.ActiveCfg = Debug|Any CPU
		{4FD51AB5-38C2-40D2-8521-D832C81B3E83}.Debug|Any CPU.Build.0 = Debug|Any CPU
		{4FD51AB5-38C2-40D2-8521-D832C81B3E83}.Release|Any CPU.ActiveCfg = Release|Any CPU
		{4FD51AB5-38C2-40D2-8521-D832C81B3E83}.Release|Any CPU.Build.0 = Release|Any CPU
		{3D649AB4-E66C-4C33-B3EA-0B5DEF650318}.Debug|Any CPU.ActiveCfg = Debug|Any CPU
		{3D649AB4-E66C-4C33-B3EA-0B5DEF650318}.Debug|Any CPU.Build.0 = Debug|Any CPU
		{3D649AB4-E66C-4C33-B3EA-0B5DEF650318}.Release|Any CPU.ActiveCfg = Release|Any CPU
		{3D649AB4-E66C-4C33-B3EA-0B5DEF650318}.Release|Any CPU.Build.0 = Release|Any CPU
	EndGlobalSection
	GlobalSection(SolutionProperties) = preSolution
		HideSolutionNode = FALSE
	EndGlobalSection
	GlobalSection(NestedProjects) = preSolution
		{D2ADFD86-8082-425F-86D3-8A2C55999B74} = {E46422ED-13BC-42A4-90FB-8658793B7C9F}
		{B64ED223-092D-455D-9174-298C3D2A7276} = {E46422ED-13BC-42A4-90FB-8658793B7C9F}
		{3E6032D8-851D-4AE4-9A53-98DD90D769D2} = {226F86BE-2D8F-4786-BE6E-1E0D08FEACF8}
		{B9A5CCCE-A5D7-440E-8BE3-77E52AA66171} = {E46422ED-13BC-42A4-90FB-8658793B7C9F}
		{531DD996-F935-4CDE-B6FF-782C80013B77} = {E46422ED-13BC-42A4-90FB-8658793B7C9F}
		{F2FBBE27-BBB3-4A57-99F9-34C92625D201} = {E46422ED-13BC-42A4-90FB-8658793B7C9F}
		{89F1F2F6-2582-4D31-A321-C9DCDB6F2109} = {E46422ED-13BC-42A4-90FB-8658793B7C9F}
		{CE630AFD-0E9F-492E-9696-CAAF0977584A} = {E46422ED-13BC-42A4-90FB-8658793B7C9F}
		{45EEE5F0-110B-4AE0-91B6-07589063863B} = {0BE68A10-7B3B-4E90-91E9-44A8F7EAE74F}
		{A63F454D-79CF-4749-AF02-BB5B25D1BD48} = {E46422ED-13BC-42A4-90FB-8658793B7C9F}
		{31B5882E-F965-457D-AF83-005A4CEA9AB8} = {E46422ED-13BC-42A4-90FB-8658793B7C9F}
		{2E562B9C-8F01-4A29-A23B-BADDA2A2F8E0} = {E46422ED-13BC-42A4-90FB-8658793B7C9F}
		{211D307F-1F79-4EEE-A5B8-C501105323D7} = {0BE68A10-7B3B-4E90-91E9-44A8F7EAE74F}
		{E272DF45-EA4C-4CAA-B292-E548E2B71CB9} = {E46422ED-13BC-42A4-90FB-8658793B7C9F}
		{27AB4307-2A2B-4907-9877-572A72EDE175} = {E46422ED-13BC-42A4-90FB-8658793B7C9F}
		{B539F39B-D14A-4B1E-B689-F829E8EDF44D} = {E46422ED-13BC-42A4-90FB-8658793B7C9F}
		{A75B6399-3709-4AB7-ADF2-EEC8FE11CD7E} = {0BE68A10-7B3B-4E90-91E9-44A8F7EAE74F}
		{3E04350E-C52F-4BCA-9EDB-6E3B84D48243} = {0BE68A10-7B3B-4E90-91E9-44A8F7EAE74F}
		{75AF0686-4C9D-42B6-8DA8-AF1AAD732421} = {E46422ED-13BC-42A4-90FB-8658793B7C9F}
		{29079828-4F74-4A2A-B22F-1E8364BCA8F7} = {E46422ED-13BC-42A4-90FB-8658793B7C9F}
		{4FD51AB5-38C2-40D2-8521-D832C81B3E83} = {0BE68A10-7B3B-4E90-91E9-44A8F7EAE74F}
		{3D649AB4-E66C-4C33-B3EA-0B5DEF650318} = {E46422ED-13BC-42A4-90FB-8658793B7C9F}
	EndGlobalSection
	GlobalSection(ExtensibilityGlobals) = postSolution
		SolutionGuid = {19C6E637-BC0D-4D7F-8E43-AC22C5A894BB}
	EndGlobalSection
EndGlobal
